
Microsoft Visual Studio Solution File, Format Version 12.00
# Visual Studio Version 17
VisualStudioVersion = 17.0.32126.317
MinimumVisualStudioVersion = 10.0.40219.1
Project("{9A19103F-16F7-4668-BE54-9A1E7A4F7556}") = "Lab 3", "Lab 3\Lab 3.csproj", "{732B8AC2-5D8C-422C-89D3-26DF1A1A2055}"
EndProject
Project("{FAE04EC0-301F-11D3-BF4B-00C04F79EFBC}") = "TestClass", "TestClass\TestClass.csproj", "{9D4F4C85-E55B-48B8-8C80-16F9D87EA7EB}"
EndProject
Global
	GlobalSection(SolutionConfigurationPlatforms) = preSolution
		Debug|Any CPU = Debug|Any CPU
		Release|Any CPU = Release|Any CPU
	EndGlobalSection
	GlobalSection(ProjectConfigurationPlatforms) = postSolution
		{732B8AC2-5D8C-422C-89D3-26DF1A1A2055}.Debug|Any CPU.ActiveCfg = Debug|Any CPU
		{732B8AC2-5D8C-422C-89D3-26DF1A1A2055}.Debug|Any CPU.Build.0 = Debug|Any CPU
		{732B8AC2-5D8C-422C-89D3-26DF1A1A2055}.Release|Any CPU.ActiveCfg = Release|Any CPU
		{732B8AC2-5D8C-422C-89D3-26DF1A1A2055}.Release|Any CPU.Build.0 = Release|Any CPU
		{9D4F4C85-E55B-48B8-8C80-16F9D87EA7EB}.Debug|Any CPU.ActiveCfg = Debug|Any CPU
		{9D4F4C85-E55B-48B8-8C80-16F9D87EA7EB}.Debug|Any CPU.Build.0 = Debug|Any CPU
		{9D4F4C85-E55B-48B8-8C80-16F9D87EA7EB}.Release|Any CPU.ActiveCfg = Release|Any CPU
		{9D4F4C85-E55B-48B8-8C80-16F9D87EA7EB}.Release|Any CPU.Build.0 = Release|Any CPU
	EndGlobalSection
	GlobalSection(SolutionProperties) = preSolution
		HideSolutionNode = FALSE
	EndGlobalSection
	GlobalSection(ExtensibilityGlobals) = postSolution
		SolutionGuid = {AF548739-6575-49A5-84B9-7364DCB85D62}
	EndGlobalSection
EndGlobal
